---
lockfileVersion: 1
lockfileVendor: redhat
arches:
- arch: aarch64
  packages:
  - url: https://cdn.redhat.com/content/dist/rhel9/9/aarch64/baseos/os/Packages/c/cracklib-2.9.6-28.el9.aarch64.rpm
    repoid: rhel-9-for-aarch64-baseos-rpms
    size: 102026
    checksum: sha256:d85216b672a15e5dd8cc771b853e3b73e832034949ee23998d8403609fba00a2
    name: cracklib
    evr: 2.9.6-28.el9
    sourcerpm: cracklib-2.9.6-28.el9.src.rpm
  - url: https://cdn.redhat.com/content/dist/rhel9/9/aarch64/baseos/os/Packages/c/cracklib-dicts-2.9.6-28.el9.aarch64.rpm
    repoid: rhel-9-for-aarch64-baseos-rpms
    size: 3829400
    checksum: sha256:807345f95c448cb58d4db8d059f76e4c139ef029887d59b431efd20db934745a
    name: cracklib-dicts
    evr: 2.9.6-28.el9
    sourcerpm: cracklib-2.9.6-28.el9.src.rpm
  - url: https://cdn.redhat.com/content/dist/rhel9/9/aarch64/baseos/os/Packages/g/gzip-1.12-1.el9.aarch64.rpm
    repoid: rhel-9-for-aarch64-baseos-rpms
    size: 169809
    checksum: sha256:45710df49b439ddc4a2848fd3877367761b574234ae28b6be46f1cf54f3fcdca
    name: gzip
    evr: 1.12-1.el9
    sourcerpm: gzip-1.12-1.el9.src.rpm
  - url: https://cdn.redhat.com/content/dist/rhel9/9/aarch64/baseos/os/Packages/l/libblkid-2.37.4-25.el9.aarch64.rpm
    repoid: rhel-9-for-aarch64-baseos-rpms
    size: 113931
    checksum: sha256:2c38ac06d3a267b62fc5ea4e149a25c4287c19157f4f18e0f7edea4787b27e15
    name: libblkid
    evr: 2.37.4-25.el9
    sourcerpm: util-linux-2.37.4-25.el9.src.rpm
  - url: https://cdn.redhat.com/content/dist/rhel9/9/aarch64/baseos/os/Packages/l/libdb-5.3.28-57.el9_6.aarch64.rpm
    repoid: rhel-9-for-aarch64-baseos-rpms
    size: 727417
    checksum: sha256:3a912b2a0a6226695a5773138ce5ce090c9fb155151dffe732b8d52e6dd22d63
    name: libdb
    evr: 5.3.28-57.el9_6
    sourcerpm: libdb-5.3.28-57.el9_6.src.rpm
  - url: https://cdn.redhat.com/content/dist/rhel9/9/aarch64/baseos/os/Packages/l/libeconf-0.4.1-7.el9_8.aarch64.rpm
    repoid: rhel-9-for-aarch64-baseos-rpms
    size: 32324
    checksum: sha256:8a5e117c2690c82835c6013f1fbac37b026f3e953fbffbd84c2f5ef6cf8df571
    name: libeconf
    evr: 0.4.1-7.el9_8
    sourcerpm: libeconf-0.4.1-7.el9_8.src.rpm
  - url: https://cdn.redhat.com/content/dist/rhel9/9/aarch64/baseos/os/Packages/l/libfdisk-2.37.4-25.el9.aarch64.rpm
    repoid: rhel-9-for-aarch64-baseos-rpms
    size: 156711
    checksum: sha256:af043918fc50ce5b3de50c48c3de0143140b692fbf639db6f259270c4211a776
    name: libfdisk
    evr: 2.37.4-25.el9
    sourcerpm: util-linux-2.37.4-25.el9.src.rpm
  - url: https://cdn.redhat.com/content/dist/rhel9/9/aarch64/baseos/os/Packages/l/libmount-2.37.4-25.el9.aarch64.rpm
    repoid: rhel-9-for-aarch64-baseos-rpms
    size: 140081
    checksum: sha256:152aee3abc8d97a37ff4ce2f5027d7e16e93ff2c77d25e900258da54e6fcc64e
    name: libmount
    evr: 2.37.4-25.el9
    sourcerpm: util-linux-2.37.4-25.el9.src.rpm
  - url: https://cdn.redhat.com/content/dist/rhel9/9/aarch64/baseos/os/Packages/l/libpwquality-1.4.4-8.el9.aarch64.rpm
    repoid: rhel-9-for-aarch64-baseos-rpms
    size: 125712
    checksum: sha256:1657d94bbd79f93dc7a79d474316813bde681ce3a7f62f73314ec4d630e39349
    name: libpwquality
    evr: 1.4.4-8.el9
    sourcerpm: libpwquality-1.4.4-8.el9.src.rpm
  - url: https://cdn.redhat.com/content/dist/rhel9/9/aarch64/baseos/os/Packages/l/libsmartcols-2.37.4-25.el9.aarch64.rpm
    repoid: rhel-9-for-aarch64-baseos-rpms
    size: 67440
    checksum: sha256:1704e73a566c920796d877c7bc3e5a96ea0c0c4194109c7b085c1128c01856af
    name: libsmartcols
    evr: 2.37.4-25.el9
    sourcerpm: util-linux-2.37.4-25.el9.src.rpm
  - url: https://cdn.redhat.com/content/dist/rhel9/9/aarch64/baseos/os/Packages/l/libutempter-1.2.1-6.el9.aarch64.rpm
    repoid: rhel-9-for-aarch64-baseos-rpms
    size: 30505
    checksum: sha256:d352371cbb7d5bd0c53fc699df953c8c1f184b056690b3c4571e57a6634015c5
    name: libutempter
    evr: 1.2.1-6.el9
    sourcerpm: libutempter-1.2.1-6.el9.src.rpm
  - url: https://cdn.redhat.com/content/dist/rhel9/9/aarch64/baseos/os/Packages/l/libuuid-2.37.4-25.el9.aarch64.rpm
    repoid: rhel-9-for-aarch64-baseos-rpms
    size: 32555
    checksum: sha256:4d7bb4144053a30067a82423fb6e88fd08c7a69bd256eb21b08c0e3f4dbbaee6
    name: libuuid
    evr: 2.37.4-25.el9
    sourcerpm: util-linux-2.37.4-25.el9.src.rpm
  - url: https://cdn.redhat.com/content/dist/rhel9/9/aarch64/baseos/os/Packages/o/openssl-3.5.1-7.el9_7.aarch64.rpm
    repoid: rhel-9-for-aarch64-baseos-rpms
    size: 1541274
    checksum: sha256:fa672afb8e31cda4d155929f0e84efba28a925134fd3edacf822802c04e35b8d
    name: openssl
    evr: 1:3.5.1-7.el9_7
    sourcerpm: openssl-3.5.1-7.el9_7.src.rpm
  - url: https://cdn.redhat.com/content/dist/rhel9/9/aarch64/baseos/os/Packages/p/pam-1.5.1-28.el9.aarch64.rpm
    repoid: rhel-9-for-aarch64-baseos-rpms
    size: 635826
    checksum: sha256:eab9afe4a8ef70912d8c59c0d8c429c0474436e756d37bcd9ee0589f9a1c9311
    name: pam
    evr: 1.5.1-28.el9
    sourcerpm: pam-1.5.1-28.el9.src.rpm
  - url: https://cdn.redhat.com/content/dist/rhel9/9/aarch64/baseos/os/Packages/u/util-linux-2.37.4-25.el9.aarch64.rpm
    repoid: rhel-9-for-aarch64-baseos-rpms
    size: 2390152
    checksum: sha256:3681bbe37d46309673f366135787f5713f0ef575e3cd413cd221af2512e3634b
    name: util-linux
    evr: 2.37.4-25.el9
    sourcerpm: util-linux-2.37.4-25.el9.src.rpm
  - url: https://cdn.redhat.com/content/dist/rhel9/9/aarch64/baseos/os/Packages/u/util-linux-core-2.37.4-25.el9.aarch64.rpm
    repoid: rhel-9-for-aarch64-baseos-rpms
    size: 472949
    checksum: sha256:de7ad826dd42b383d93f6dc6b720a26d4cd4815d00c0f093c2e28037a8881424
    name: util-linux-core
    evr: 2.37.4-25.el9
    sourcerpm: util-linux-2.37.4-25.el9.src.rpm
  source: []
  module_metadata: []
- arch: ppc64le
  packages:
  - url: https://cdn.redhat.com/content/dist/rhel9/9/ppc64le/baseos/os/Packages/c/cracklib-2.9.6-28.el9.ppc64le.rpm
    repoid: rhel-9-for-ppc64le-baseos-rpms
    size: 104055
    checksum: sha256:1f178005ee48a8901c0a29ff63dbfbe11fae07f698175be8d8aec640821c9ce2
    name: cracklib
    evr: 2.9.6-28.el9
    sourcerpm: cracklib-2.9.6-28.el9.src.rpm
  - url: https://cdn.redhat.com/content/dist/rhel9/9/ppc64le/baseos/os/Packages/c/cracklib-dicts-2.9.6-28.el9.ppc64le.rpm
    repoid: rhel-9-for-ppc64le-baseos-rpms
    size: 3829355
    checksum: sha256:b4b4063ca9193817f6f2e5d94bb5de65b4bb7ccc558fc0271d11593e72817f7f
    name: cracklib-dicts
    evr: 2.9.6-28.el9
    sourcerpm: cracklib-2.9.6-28.el9.src.rpm
  - url: https://cdn.redhat.com/content/dist/rhel9/9/ppc64le/baseos/os/Packages/g/gzip-1.12-1.el9.ppc64le.rpm
    repoid: rhel-9-for-ppc64le-baseos-rpms
    size: 175705
    checksum: sha256:55b983f08d8b2a0741b07f114cdba89a8ecb207064c001e90e4c76a13836d458
    name: gzip
    evr: 1.12-1.el9
    sourcerpm: gzip-1.12-1.el9.src.rpm
  - url: https://cdn.redhat.com/content/dist/rhel9/9/ppc64le/baseos/os/Packages/l/libblkid-2.37.4-25.el9.ppc64le.rpm
    repoid: rhel-9-for-ppc64le-baseos-rpms
    size: 130845
    checksum: sha256:6b5eb99c4eb1a0dc3721c9fd4dc30bd3f7e18eaf2b1231d4af13924fc017dcc5
    name: libblkid
    evr: 2.37.4-25.el9
    sourcerpm: util-linux-2.37.4-25.el9.src.rpm
  - url: https://cdn.redhat.com/content/dist/rhel9/9/ppc64le/baseos/os/Packages/l/libdb-5.3.28-57.el9_6.ppc64le.rpm
    repoid: rhel-9-for-ppc64le-baseos-rpms
    size: 837087
    checksum: sha256:3c73512cfb5cff3477193e37e80fbd416449035f909998b7873bcade57aa242c
    name: libdb
    evr: 5.3.28-57.el9_6
    sourcerpm: libdb-5.3.28-57.el9_6.src.rpm
  - url: https://cdn.redhat.com/content/dist/rhel9/9/ppc64le/baseos/os/Packages/l/libeconf-0.4.1-7.el9_8.ppc64le.rpm
    repoid: rhel-9-for-ppc64le-baseos-rpms
    size: 35680
    checksum: sha256:4a26999b09960559538b2fbee1aece9f6c3c47e386b918f3f50260dd125e1ac4
    name: libeconf
    evr: 0.4.1-7.el9_8
    sourcerpm: libeconf-0.4.1-7.el9_8.src.rpm
  - url: https://cdn.redhat.com/content/dist/rhel9/9/ppc64le/baseos/os/Packages/l/libfdisk-2.37.4-25.el9.ppc64le.rpm
    repoid: rhel-9-for-ppc64le-baseos-rpms
    size: 176392
    checksum: sha256:cc45fa965cc52a58ba2fdfed487d7e6756f041325104082af8a0c19c76c33ee0
    name: libfdisk
    evr: 2.37.4-25.el9
    sourcerpm: util-linux-2.37.4-25.el9.src.rpm
  - url: https://cdn.redhat.com/content/dist/rhel9/9/ppc64le/baseos/os/Packages/l/libmount-2.37.4-25.el9.ppc64le.rpm
    repoid: rhel-9-for-ppc64le-baseos-rpms
    size: 159789
    checksum: sha256:8eda0227f78a0838b73bcd725c45f14f0e3423a1fe9bd5d11423032af7715baf
    name: libmount
    evr: 2.37.4-25.el9
    sourcerpm: util-linux-2.37.4-25.el9.src.rpm
  - url: https://cdn.redhat.com/content/dist/rhel9/9/ppc64le/baseos/os/Packages/l/libpwquality-1.4.4-8.el9.ppc64le.rpm
    repoid: rhel-9-for-ppc64le-baseos-rpms
    size: 128350
    checksum: sha256:0b13ff548b9b0be9f8d0271d90fa3673c081fbc22dc869ae4c37c68fa2a32c09
    name: libpwquality
    evr: 1.4.4-8.el9
    sourcerpm: libpwquality-1.4.4-8.el9.src.rpm
  - url: https://cdn.redhat.com/content/dist/rhel9/9/ppc64le/baseos/os/Packages/l/librtas-2.0.6-3.el9.ppc64le.rpm
    repoid: rhel-9-for-ppc64le-baseos-rpms
    size: 84022
    checksum: sha256:30de7704706df7a493e8549a0a733313816a2e1cb69b25b394df6443e8e6bd9b
    name: librtas
    evr: 2.0.6-3.el9
    sourcerpm: librtas-2.0.6-3.el9.src.rpm
  - url: https://cdn.redhat.com/content/dist/rhel9/9/ppc64le/baseos/os/Packages/l/libsmartcols-2.37.4-25.el9.ppc64le.rpm
    repoid: rhel-9-for-ppc64le-baseos-rpms
    size: 74316
    checksum: sha256:b4aa193d86e09f1a65a63ca012d2d2fbceac45de16324b458ccb6f06655099ae
    name: libsmartcols
    evr: 2.37.4-25.el9
    sourcerpm: util-linux-2.37.4-25.el9.src.rpm
  - url: https://cdn.redhat.com/content/dist/rhel9/9/ppc64le/baseos/os/Packages/l/libutempter-1.2.1-6.el9.ppc64le.rpm
    repoid: rhel-9-for-ppc64le-baseos-rpms
    size: 30656
    checksum: sha256:b62a3c29e31482fc21de315eaefa28f3e52f59396b0a33e6d1267822cabc1c67
    name: libutempter
    evr: 1.2.1-6.el9
    sourcerpm: libutempter-1.2.1-6.el9.src.rpm
  - url: https://cdn.redhat.com/content/dist/rhel9/9/ppc64le/baseos/os/Packages/l/libuuid-2.37.4-25.el9.ppc64le.rpm
    repoid: rhel-9-for-ppc64le-baseos-rpms
    size: 34812
    checksum: sha256:a642bd23564a8f0fd47617412950767b30a6ecd2afbfed10531383f14c883911
    name: libuuid
    evr: 2.37.4-25.el9
    sourcerpm: util-linux-2.37.4-25.el9.src.rpm
  - url: https://cdn.redhat.com/content/dist/rhel9/9/ppc64le/baseos/os/Packages/o/openssl-3.5.1-7.el9_7.ppc64le.rpm
    repoid: rhel-9-for-ppc64le-baseos-rpms
    size: 1566615
    checksum: sha256:c5a5284070d6d182a4c93283039a327bf02efd41ab7ab4a748971421773ba605
    name: openssl
    evr: 1:3.5.1-7.el9_7
    sourcerpm: openssl-3.5.1-7.el9_7.src.rpm
  - url: https://cdn.redhat.com/content/dist/rhel9/9/ppc64le/baseos/os/Packages/p/pam-1.5.1-28.el9.ppc64le.rpm
    repoid: rhel-9-for-ppc64le-baseos-rpms
    size: 677440
    checksum: sha256:4d7ae59c6b8bfd1548bf5d0b44081b77d966f63aac6057f48731c0a0f1e794e8
    name: pam
    evr: 1.5.1-28.el9
    sourcerpm: pam-1.5.1-28.el9.src.rpm
  - url: https://cdn.redhat.com/content/dist/rhel9/9/ppc64le/baseos/os/Packages/u/util-linux-2.37.4-25.el9.ppc64le.rpm
    repoid: rhel-9-for-ppc64le-baseos-rpms
    size: 2426763
    checksum: sha256:97d66e61d2f744f3700ba8ea58b2c0e3b68d4fe55258a0f3be76df53be8e1b31
    name: util-linux
    evr: 2.37.4-25.el9
    sourcerpm: util-linux-2.37.4-25.el9.src.rpm
  - url: https://cdn.redhat.com/content/dist/rhel9/9/ppc64le/baseos/os/Packages/u/util-linux-core-2.37.4-25.el9.ppc64le.rpm
    repoid: rhel-9-for-ppc64le-baseos-rpms
    size: 494407
    checksum: sha256:966907c57c86b880899a7dad2b9a9edeaa2e6e8f151ea57e09dca38c8f072c78
    name: util-linux-core
    evr: 2.37.4-25.el9
    sourcerpm: util-linux-2.37.4-25.el9.src.rpm
  source: []
  module_metadata: []
- arch: s390x
  packages:
  - url: https://cdn.redhat.com/content/dist/rhel9/9/s390x/baseos/os/Packages/c/cracklib-2.9.6-28.el9.s390x.rpm
    repoid: rhel-9-for-s390x-baseos-rpms
    size: 101566
    checksum: sha256:97423541d54e16ff1838d225c3f56a06d4bdf44c186323ee432e9fa031ecdae6
    name: cracklib
    evr: 2.9.6-28.el9
    sourcerpm: cracklib-2.9.6-28.el9.src.rpm
  - url: https://cdn.redhat.com/content/dist/rhel9/9/s390x/baseos/os/Packages/c/cracklib-dicts-2.9.6-28.el9.s390x.rpm
    repoid: rhel-9-for-s390x-baseos-rpms
    size: 3841146
    checksum: sha256:870f5372b0c19128827ebbb21c7653957fc0359ee125d7ee4027a4c2f8a56c21
    name: cracklib-dicts
    evr: 2.9.6-28.el9
    sourcerpm: cracklib-2.9.6-28.el9.src.rpm
  - url: https://cdn.redhat.com/content/dist/rhel9/9/s390x/baseos/os/Packages/g/gzip-1.12-1.el9.s390x.rpm
    repoid: rhel-9-for-s390x-baseos-rpms
    size: 173101
    checksum: sha256:50034ee6281864a218a5f3bc47de5afb434400fb8415907fd31d8351adbdc5a6
    name: gzip
    evr: 1.12-1.el9
    sourcerpm: gzip-1.12-1.el9.src.rpm
  - url: https://cdn.redhat.com/content/dist/rhel9/9/s390x/baseos/os/Packages/l/libblkid-2.37.4-25.el9.s390x.rpm
    repoid: rhel-9-for-s390x-baseos-rpms
    size: 111331
    checksum: sha256:ebdf736d194e8a6f099317aaf2210fd2a7e3f74a4a0db69c614283775afc9abd
    name: libblkid
    evr: 2.37.4-25.el9
    sourcerpm: util-linux-2.37.4-25.el9.src.rpm
  - url: https://cdn.redhat.com/content/dist/rhel9/9/s390x/baseos/os/Packages/l/libdb-5.3.28-57.el9_6.s390x.rpm
    repoid: rhel-9-for-s390x-baseos-rpms
    size: 721041
    checksum: sha256:150208aa151d6351c3926632a7f9850022788d16d647d4151915a79af3c3c74f
    name: libdb
    evr: 5.3.28-57.el9_6
    sourcerpm: libdb-5.3.28-57.el9_6.src.rpm
  - url: https://cdn.redhat.com/content/dist/rhel9/9/s390x/baseos/os/Packages/l/libeconf-0.4.1-7.el9_8.s390x.rpm
    repoid: rhel-9-for-s390x-baseos-rpms
    size: 33180
    checksum: sha256:37d39a7fa03848dde2f48a0f32cd27b182317f9a5b85ce0af7252a44ffc42155
    name: libeconf
    evr: 0.4.1-7.el9_8
    sourcerpm: libeconf-0.4.1-7.el9_8.src.rpm
  - url: https://cdn.redhat.com/content/dist/rhel9/9/s390x/baseos/os/Packages/l/libfdisk-2.37.4-25.el9.s390x.rpm
    repoid: rhel-9-for-s390x-baseos-rpms
    size: 156062
    checksum: sha256:001f0c65d4278d2594cb4f5967b836375a0e7d2098fa7787327f01ebc5d880f4
    name: libfdisk
    evr: 2.37.4-25.el9
    sourcerpm: util-linux-2.37.4-25.el9.src.rpm
  - url: https://cdn.redhat.com/content/dist/rhel9/9/s390x/baseos/os/Packages/l/libmount-2.37.4-25.el9.s390x.rpm
    repoid: rhel-9-for-s390x-baseos-rpms
    size: 139693
    checksum: sha256:e884a9ddbaabb049ac1f642b71f4f16ac2b040c0780b021a301ca08be6395fe8
    name: libmount
    evr: 2.37.4-25.el9
    sourcerpm: util-linux-2.37.4-25.el9.src.rpm
  - url: https://cdn.redhat.com/content/dist/rhel9/9/s390x/baseos/os/Packages/l/libpwquality-1.4.4-8.el9.s390x.rpm
    repoid: rhel-9-for-s390x-baseos-rpms
    size: 125703
    checksum: sha256:d3878b8c342582135698ee7c7fb371ed8326c7998bca3b8426191082bd32a6ae
    name: libpwquality
    evr: 1.4.4-8.el9
    sourcerpm: libpwquality-1.4.4-8.el9.src.rpm
  - url: https://cdn.redhat.com/content/dist/rhel9/9/s390x/baseos/os/Packages/l/libsmartcols-2.37.4-25.el9.s390x.rpm
    repoid: rhel-9-for-s390x-baseos-rpms
    size: 68122
    checksum: sha256:b06c88e5894108e72106183a63db9b82277693ddc7a8d0e3945e86152db4d415
    name: libsmartcols
    evr: 2.37.4-25.el9
    sourcerpm: util-linux-2.37.4-25.el9.src.rpm
  - url: https://cdn.redhat.com/content/dist/rhel9/9/s390x/baseos/os/Packages/l/libutempter-1.2.1-6.el9.s390x.rpm
    repoid: rhel-9-for-s390x-baseos-rpms
    size: 30191
    checksum: sha256:4cd059814008cfc903b75f38ed7da8037f51f6123a953218e8a37a8a96822c53
    name: libutempter
    evr: 1.2.1-6.el9
    sourcerpm: libutempter-1.2.1-6.el9.src.rpm
  - url: https://cdn.redhat.com/content/dist/rhel9/9/s390x/baseos/os/Packages/l/libuuid-2.37.4-25.el9.s390x.rpm
    repoid: rhel-9-for-s390x-baseos-rpms
    size: 32770
    checksum: sha256:52ea83c0d75808211e81faef2081a3b86b910a352689eb629401edea7ef84f88
    name: libuuid
    evr: 2.37.4-25.el9
    sourcerpm: util-linux-2.37.4-25.el9.src.rpm
  - url: https://cdn.redhat.com/content/dist/rhel9/9/s390x/baseos/os/Packages/o/openssl-3.5.1-7.el9_7.s390x.rpm
    repoid: rhel-9-for-s390x-baseos-rpms
    size: 1548995
    checksum: sha256:12d540f2ad34e2c202d47d3edff129acc324012a3946ef57cb1a5db8aad544a2
    name: openssl
    evr: 1:3.5.1-7.el9_7
    sourcerpm: openssl-3.5.1-7.el9_7.src.rpm
  - url: https://cdn.redhat.com/content/dist/rhel9/9/s390x/baseos/os/Packages/p/pam-1.5.1-28.el9.s390x.rpm
    repoid: rhel-9-for-s390x-baseos-rpms
    size: 630422
    checksum: sha256:25f76128edb27d622927cadb5dc485e0e72c546457598c9cceb4b8364cf53e6a
    name: pam
    evr: 1.5.1-28.el9
    sourcerpm: pam-1.5.1-28.el9.src.rpm
  - url: https://cdn.redhat.com/content/dist/rhel9/9/s390x/baseos/os/Packages/u/util-linux-2.37.4-25.el9.s390x.rpm
    repoid: rhel-9-for-s390x-baseos-rpms
    size: 2327681
    checksum: sha256:4cfaf23c4a12c951a51326583794f545b41356203a6d32b0aecd49683339fdf0
    name: util-linux
    evr: 2.37.4-25.el9
    sourcerpm: util-linux-2.37.4-25.el9.src.rpm
  - url: https://cdn.redhat.com/content/dist/rhel9/9/s390x/baseos/os/Packages/u/util-linux-core-2.37.4-25.el9.s390x.rpm
    repoid: rhel-9-for-s390x-baseos-rpms
    size: 467763
    checksum: sha256:18ee12e289d50a2cae621fe22394991481d1674355c6ce127bf57b057980a19f
    name: util-linux-core
    evr: 2.37.4-25.el9
    sourcerpm: util-linux-2.37.4-25.el9.src.rpm
  source: []
  module_metadata: []
- arch: x86_64
  packages:
  - url: https://cdn.redhat.com/content/dist/rhel9/9/x86_64/baseos/os/Packages/c/cracklib-2.9.6-28.el9.x86_64.rpm
    repoid: rhel-9-for-x86_64-baseos-rpms
    size: 102444
    checksum: sha256:3b415381d4bd307686268ec42f646c7770f6a815de73a40a88aab7a7061b30a9
    name: cracklib
    evr: 2.9.6-28.el9
    sourcerpm: cracklib-2.9.6-28.el9.src.rpm
  - url: https://cdn.redhat.com/content/dist/rhel9/9/x86_64/baseos/os/Packages/c/cracklib-dicts-2.9.6-28.el9.x86_64.rpm
    repoid: rhel-9-for-x86_64-baseos-rpms
    size: 3829431
    checksum: sha256:61c11d3c23b62016b9939f917bb7f7e03cba324eb4ad35b375387ce9f18e25a1
    name: cracklib-dicts
    evr: 2.9.6-28.el9
    sourcerpm: cracklib-2.9.6-28.el9.src.rpm
  - url: https://cdn.redhat.com/content/dist/rhel9/9/x86_64/baseos/os/Packages/g/gzip-1.12-1.el9.x86_64.rpm
    repoid: rhel-9-for-x86_64-baseos-rpms
    size: 171206
    checksum: sha256:c8b3e0414d55b1eedb0185a564ac6cb2368bee2fd5f995447d045f6a714488ac
    name: gzip
    evr: 1.12-1.el9
    sourcerpm: gzip-1.12-1.el9.src.rpm
  - url: https://cdn.redhat.com/content/dist/rhel9/9/x86_64/baseos/os/Packages/l/libblkid-2.37.4-25.el9.x86_64.rpm
    repoid: rhel-9-for-x86_64-baseos-rpms
    size: 114192
    checksum: sha256:a858400abe83a7955ae509c920f835a950ea2cf1156916823c595a23ba46d536
    name: libblkid
    evr: 2.37.4-25.el9
    sourcerpm: util-linux-2.37.4-25.el9.src.rpm
  - url: https://cdn.redhat.com/content/dist/rhel9/9/x86_64/baseos/os/Packages/l/libdb-5.3.28-57.el9_6.x86_64.rpm
    repoid: rhel-9-for-x86_64-baseos-rpms
    size: 755192
    checksum: sha256:3246e76f197e2b60eb470b9b55d3e0dda2301b029f295fed9c38ff70b87c5b6b
    name: libdb
    evr: 5.3.28-57.el9_6
    sourcerpm: libdb-5.3.28-57.el9_6.src.rpm
  - url: https://cdn.redhat.com/content/dist/rhel9/9/x86_64/baseos/os/Packages/l/libeconf-0.4.1-7.el9_8.x86_64.rpm
    repoid: rhel-9-for-x86_64-baseos-rpms
    size: 33179
    checksum: sha256:a570c5baaedeb1445bc2e4f3930b0a709411bbefbdbf463c3e006cbfc7018894
    name: libeconf
    evr: 0.4.1-7.el9_8
    sourcerpm: libeconf-0.4.1-7.el9_8.src.rpm
  - url: https://cdn.redhat.com/content/dist/rhel9/9/x86_64/baseos/os/Packages/l/libfdisk-2.37.4-25.el9.x86_64.rpm
    repoid: rhel-9-for-x86_64-baseos-rpms
    size: 161769
    checksum: sha256:1b861f267752e718ce696a80dcc06ef1dde8e9aa73fa2abed3775626d719c124
    name: libfdisk
    evr: 2.37.4-25.el9
    sourcerpm: util-linux-2.37.4-25.el9.src.rpm
  - url: https://cdn.redhat.com/content/dist/rhel9/9/x86_64/baseos/os/Packages/l/libmount-2.37.4-25.el9.x86_64.rpm
    repoid: rhel-9-for-x86_64-baseos-rpms
    size: 142467
    checksum: sha256:a9a2022eb9e39301bfcd3273573a108486b2b315c89247f147870016b2e9222c
    name: libmount
    evr: 2.37.4-25.el9
    sourcerpm: util-linux-2.37.4-25.el9.src.rpm
  - url: https://cdn.redhat.com/content/dist/rhel9/9/x86_64/baseos/os/Packages/l/libpwquality-1.4.4-8.el9.x86_64.rpm
    repoid: rhel-9-for-x86_64-baseos-rpms
    size: 126104
    checksum: sha256:14b7ff2f7fdaf8ebec90261f4619ea7f7c3564c4de8483666de7ed4b1f49b66f
    name: libpwquality
    evr: 1.4.4-8.el9
    sourcerpm: libpwquality-1.4.4-8.el9.src.rpm
  - url: https://cdn.redhat.com/content/dist/rhel9/9/x86_64/baseos/os/Packages/l/libsmartcols-2.37.4-25.el9.x86_64.rpm
    repoid: rhel-9-for-x86_64-baseos-rpms
    size: 68692
    checksum: sha256:c1da912799780b89cd44db4acc318ea4a83adba0d8d99aad1b877879f40dbd48
    name: libsmartcols
    evr: 2.37.4-25.el9
    sourcerpm: util-linux-2.37.4-25.el9.src.rpm
  - url: https://cdn.redhat.com/content/dist/rhel9/9/x86_64/baseos/os/Packages/l/libutempter-1.2.1-6.el9.x86_64.rpm
    repoid: rhel-9-for-x86_64-baseos-rpms
    size: 30354
    checksum: sha256:0f1df5e0d48c2ac9914bfffa7ed569cd58e42b17ba96bb3f7cf74d1e80de2597
    name: libutempter
    evr: 1.2.1-6.el9
    sourcerpm: libutempter-1.2.1-6.el9.src.rpm
  - url: https://cdn.redhat.com/content/dist/rhel9/9/x86_64/baseos/os/Packages/l/libuuid-2.37.4-25.el9.x86_64.rpm
    repoid: rhel-9-for-x86_64-baseos-rpms
    size: 32757
    checksum: sha256:5694aafca42c707f85af66bba11d102f7636ee17f586466b3ff80254e995ed7b
    name: libuuid
    evr: 2.37.4-25.el9
    sourcerpm: util-linux-2.37.4-25.el9.src.rpm
  - url: https://cdn.redhat.com/content/dist/rhel9/9/x86_64/baseos/os/Packages/o/openssl-3.5.1-7.el9_7.x86_64.rpm
    repoid: rhel-9-for-x86_64-baseos-rpms
    size: 1565197
    checksum: sha256:efc3eb2f303047d5244a0f717a13615820d0de977c62d58bbe6d04ce35df8c6e
    name: openssl
    evr: 1:3.5.1-7.el9_7
    sourcerpm: openssl-3.5.1-7.el9_7.src.rpm
  - url: https://cdn.redhat.com/content/dist/rhel9/9/x86_64/baseos/os/Packages/p/pam-1.5.1-28.el9.x86_64.rpm
    repoid: rhel-9-for-x86_64-baseos-rpms
    size: 637912
    checksum: sha256:15a0a5000af6f57f47c30682f7aacf3959903788e68255132b6a05bb4b713ab1
    name: pam
    evr: 1.5.1-28.el9
    sourcerpm: pam-1.5.1-28.el9.src.rpm
  - url: https://cdn.redhat.com/content/dist/rhel9/9/x86_64/baseos/os/Packages/u/util-linux-2.37.4-25.el9.x86_64.rpm
    repoid: rhel-9-for-x86_64-baseos-rpms
    size: 2382511
    checksum: sha256:35e0b73e574a7d8e93af0adf54adb2303f03423fd5761e357df86288f59d7933
    name: util-linux
    evr: 2.37.4-25.el9
    sourcerpm: util-linux-2.37.4-25.el9.src.rpm
  - url: https://cdn.redhat.com/content/dist/rhel9/9/x86_64/baseos/os/Packages/u/util-linux-core-2.37.4-25.el9.x86_64.rpm
    repoid: rhel-9-for-x86_64-baseos-rpms
    size: 476811
    checksum: sha256:5575c8fc753d5a81022786dac33e172a6d1602ef41d247a58465754d3f952726
    name: util-linux-core
    evr: 2.37.4-25.el9
    sourcerpm: util-linux-2.37.4-25.el9.src.rpm
  source: []
  module_metadata: []
