---
lockfileVersion: 1
lockfileVendor: redhat
arches:
- arch: aarch64
  packages: []
  source: []
  module_metadata: []
- arch: ppc64le
  packages: []
  source: []
  module_metadata: []
- arch: s390x
  packages: []
  source: []
  module_metadata: []
- arch: x86_64
  packages: []
  source: []
  module_metadata: []
