---
lockfileVersion: 1
lockfileVendor: redhat
arches:
- arch: aarch64
  packages:
  - url: https://cdn.redhat.com/content/dist/layered/rhel9/aarch64/rhocp/4.17/os/Packages/o/openshift-clients-4.17.0-202511252115.p2.gd76df14.assembly.stream.el9.aarch64.rpm
    repoid: rhocp-4.17-for-rhel-9-aarch64-rpms
    size: 55819072
    checksum: sha256:8c3a924a2ddf2787c9ce64eedd8f02deed0c41f793ddbc8fd95f99e94bae18e9
    name: openshift-clients
    evr: 4.17.0-202511252115.p2.gd76df14.assembly.stream.el9
    sourcerpm: openshift-clients-4.17.0-202511252115.p2.gd76df14.assembly.stream.el9.src.rpm
  - url: https://cdn.redhat.com/content/dist/rhel9/9/aarch64/baseos/os/Packages/b/bash-completion-2.11-5.el9.noarch.rpm
    repoid: rhel-9-for-aarch64-baseos-rpms
    size: 469639
    checksum: sha256:3b4ae87f0e9a13cda47f1c009eb2c63135dc22b2b4dd89a6310f8e8fbb59e30a
    name: bash-completion
    evr: 1:2.11-5.el9
    sourcerpm: bash-completion-2.11-5.el9.src.rpm
  - url: https://cdn.redhat.com/content/dist/rhel9/9/aarch64/baseos/os/Packages/f/findutils-4.8.0-7.el9.aarch64.rpm
    repoid: rhel-9-for-aarch64-baseos-rpms
    size: 564807
    checksum: sha256:158af4d5ecbd8b87f0da762ea1655bd4c86512071a95d8307eda3e0b3991105d
    name: findutils
    evr: 1:4.8.0-7.el9
    sourcerpm: findutils-4.8.0-7.el9.src.rpm
  - url: https://cdn.redhat.com/content/dist/rhel9/9/aarch64/baseos/os/Packages/g/gzip-1.12-1.el9.aarch64.rpm
    repoid: rhel-9-for-aarch64-baseos-rpms
    size: 169809
    checksum: sha256:45710df49b439ddc4a2848fd3877367761b574234ae28b6be46f1cf54f3fcdca
    name: gzip
    evr: 1.12-1.el9
    sourcerpm: gzip-1.12-1.el9.src.rpm
  - url: https://cdn.redhat.com/content/dist/rhel9/9/aarch64/baseos/os/Packages/l/libpkgconf-1.7.3-10.el9.aarch64.rpm
    repoid: rhel-9-for-aarch64-baseos-rpms
    size: 38310
    checksum: sha256:9bdfccf6b092e0683aa6984f7c6caa737b30c0b1495e16abb03b5d1a5f8e787a
    name: libpkgconf
    evr: 1.7.3-10.el9
    sourcerpm: pkgconf-1.7.3-10.el9.src.rpm
  - url: https://cdn.redhat.com/content/dist/rhel9/9/aarch64/baseos/os/Packages/p/pkgconf-1.7.3-10.el9.aarch64.rpm
    repoid: rhel-9-for-aarch64-baseos-rpms
    size: 45196
    checksum: sha256:aa38a3951a690d721a815ea8f9b01995a85f35a8540d8075205821011d0385e6
    name: pkgconf
    evr: 1.7.3-10.el9
    sourcerpm: pkgconf-1.7.3-10.el9.src.rpm
  - url: https://cdn.redhat.com/content/dist/rhel9/9/aarch64/baseos/os/Packages/p/pkgconf-m4-1.7.3-10.el9.noarch.rpm
    repoid: rhel-9-for-aarch64-baseos-rpms
    size: 16054
    checksum: sha256:91bafd6e06099451f60288327b275cfcc651822f6145176a157c6b0fa5131e02
    name: pkgconf-m4
    evr: 1.7.3-10.el9
    sourcerpm: pkgconf-1.7.3-10.el9.src.rpm
  - url: https://cdn.redhat.com/content/dist/rhel9/9/aarch64/baseos/os/Packages/p/pkgconf-pkg-config-1.7.3-10.el9.aarch64.rpm
    repoid: rhel-9-for-aarch64-baseos-rpms
    size: 12398
    checksum: sha256:47f1f744f96a2f3d360bc129837738dcebb1ee5032effc4472a891eea1d6a907
    name: pkgconf-pkg-config
    evr: 1.7.3-10.el9
    sourcerpm: pkgconf-1.7.3-10.el9.src.rpm
  - url: https://cdn.redhat.com/content/dist/rhel9/9/aarch64/baseos/os/Packages/p/procps-ng-3.3.17-14.el9.aarch64.rpm
    repoid: rhel-9-for-aarch64-baseos-rpms
    size: 363344
    checksum: sha256:a8c7514beb4c3cafa6341f43bbe285319d863b2893a34d91159dc8e90f615dd2
    name: procps-ng
    evr: 3.3.17-14.el9
    sourcerpm: procps-ng-3.3.17-14.el9.src.rpm
  - url: https://cdn.redhat.com/content/dist/rhel9/9/aarch64/baseos/os/Packages/r/rsync-3.2.5-3.el9.aarch64.rpm
    repoid: rhel-9-for-aarch64-baseos-rpms
    size: 416293
    checksum: sha256:99235a7555f6454898ebbcdcf927ebed68e3a60599c9226b9d1d60578d292878
    name: rsync
    evr: 3.2.5-3.el9
    sourcerpm: rsync-3.2.5-3.el9.src.rpm
  - url: https://cdn.redhat.com/content/dist/rhel9/9/aarch64/baseos/os/Packages/t/tar-1.34-9.el9_7.aarch64.rpm
    repoid: rhel-9-for-aarch64-baseos-rpms
    size: 898317
    checksum: sha256:2d0bd44116c3f5c229d25fdc6458f6ce24a7ad4fdb463767eea48dcab78c5062
    name: tar
    evr: 2:1.34-9.el9_7
    sourcerpm: tar-1.34-9.el9_7.src.rpm
  - url: https://cdn.redhat.com/content/dist/rhel9/9/aarch64/baseos/os/Packages/w/which-2.21-30.el9_6.aarch64.rpm
    repoid: rhel-9-for-aarch64-baseos-rpms
    size: 41522
    checksum: sha256:91cf4d2e0e6f9bc039bd7d3db9f7a5bb1d6201a27a46cb592f598b1a3c500482
    name: which
    evr: 2.21-30.el9_6
    sourcerpm: which-2.21-30.el9_6.src.rpm
  source: []
  module_metadata: []
- arch: ppc64le
  packages:
  - url: https://cdn.redhat.com/content/dist/layered/rhel9/ppc64le/rhocp/4.17/os/Packages/o/openshift-clients-4.17.0-202511252115.p2.gd76df14.assembly.stream.el9.ppc64le.rpm
    repoid: rhocp-4.17-for-rhel-9-ppc64le-rpms
    size: 52687065
    checksum: sha256:edbb3e2bf207de54d107449238e194af7e83ebcc1f4088832d0748be1411ccce
    name: openshift-clients
    evr: 4.17.0-202511252115.p2.gd76df14.assembly.stream.el9
    sourcerpm: openshift-clients-4.17.0-202511252115.p2.gd76df14.assembly.stream.el9.src.rpm
  - url: https://cdn.redhat.com/content/dist/rhel9/9/ppc64le/baseos/os/Packages/b/bash-completion-2.11-5.el9.noarch.rpm
    repoid: rhel-9-for-ppc64le-baseos-rpms
    size: 469639
    checksum: sha256:3b4ae87f0e9a13cda47f1c009eb2c63135dc22b2b4dd89a6310f8e8fbb59e30a
    name: bash-completion
    evr: 1:2.11-5.el9
    sourcerpm: bash-completion-2.11-5.el9.src.rpm
  - url: https://cdn.redhat.com/content/dist/rhel9/9/ppc64le/baseos/os/Packages/f/findutils-4.8.0-7.el9.ppc64le.rpm
    repoid: rhel-9-for-ppc64le-baseos-rpms
    size: 603076
    checksum: sha256:d4662cea7b9ae75c86e6afa1c69b3047773acf7d4a6cf8b99e63355cde0e8de8
    name: findutils
    evr: 1:4.8.0-7.el9
    sourcerpm: findutils-4.8.0-7.el9.src.rpm
  - url: https://cdn.redhat.com/content/dist/rhel9/9/ppc64le/baseos/os/Packages/g/gzip-1.12-1.el9.ppc64le.rpm
    repoid: rhel-9-for-ppc64le-baseos-rpms
    size: 175705
    checksum: sha256:55b983f08d8b2a0741b07f114cdba89a8ecb207064c001e90e4c76a13836d458
    name: gzip
    evr: 1.12-1.el9
    sourcerpm: gzip-1.12-1.el9.src.rpm
  - url: https://cdn.redhat.com/content/dist/rhel9/9/ppc64le/baseos/os/Packages/l/libpkgconf-1.7.3-10.el9.ppc64le.rpm
    repoid: rhel-9-for-ppc64le-baseos-rpms
    size: 42712
    checksum: sha256:a96600fec79e7d94523816dc620203e812c4a08c82c07fb3bb62d7e9e6e1f661
    name: libpkgconf
    evr: 1.7.3-10.el9
    sourcerpm: pkgconf-1.7.3-10.el9.src.rpm
  - url: https://cdn.redhat.com/content/dist/rhel9/9/ppc64le/baseos/os/Packages/p/pkgconf-1.7.3-10.el9.ppc64le.rpm
    repoid: rhel-9-for-ppc64le-baseos-rpms
    size: 46315
    checksum: sha256:a70516a3a8f016a80613bc071586cd653db12a650c4c9f057743125cb7ad7433
    name: pkgconf
    evr: 1.7.3-10.el9
    sourcerpm: pkgconf-1.7.3-10.el9.src.rpm
  - url: https://cdn.redhat.com/content/dist/rhel9/9/ppc64le/baseos/os/Packages/p/pkgconf-m4-1.7.3-10.el9.noarch.rpm
    repoid: rhel-9-for-ppc64le-baseos-rpms
    size: 16054
    checksum: sha256:91bafd6e06099451f60288327b275cfcc651822f6145176a157c6b0fa5131e02
    name: pkgconf-m4
    evr: 1.7.3-10.el9
    sourcerpm: pkgconf-1.7.3-10.el9.src.rpm
  - url: https://cdn.redhat.com/content/dist/rhel9/9/ppc64le/baseos/os/Packages/p/pkgconf-pkg-config-1.7.3-10.el9.ppc64le.rpm
    repoid: rhel-9-for-ppc64le-baseos-rpms
    size: 12416
    checksum: sha256:1d641be62db76b074f4ca2d6b470d85dcf806d96e2c834337482a73984db1979
    name: pkgconf-pkg-config
    evr: 1.7.3-10.el9
    sourcerpm: pkgconf-1.7.3-10.el9.src.rpm
  - url: https://cdn.redhat.com/content/dist/rhel9/9/ppc64le/baseos/os/Packages/p/procps-ng-3.3.17-14.el9.ppc64le.rpm
    repoid: rhel-9-for-ppc64le-baseos-rpms
    size: 378421
    checksum: sha256:d76d17ceec32bdf37c72a8ff52582b202fff7b7a3514dc2102ce3fcb42ff1382
    name: procps-ng
    evr: 3.3.17-14.el9
    sourcerpm: procps-ng-3.3.17-14.el9.src.rpm
  - url: https://cdn.redhat.com/content/dist/rhel9/9/ppc64le/baseos/os/Packages/r/rsync-3.2.5-3.el9.ppc64le.rpm
    repoid: rhel-9-for-ppc64le-baseos-rpms
    size: 449938
    checksum: sha256:1fd8762ad73a60556c9808a5bf2a9d964965adec91c026ef27058266dc75e1f0
    name: rsync
    evr: 3.2.5-3.el9
    sourcerpm: rsync-3.2.5-3.el9.src.rpm
  - url: https://cdn.redhat.com/content/dist/rhel9/9/ppc64le/baseos/os/Packages/t/tar-1.34-9.el9_7.ppc64le.rpm
    repoid: rhel-9-for-ppc64le-baseos-rpms
    size: 938310
    checksum: sha256:6b32b0c5b960f836c91fae329c0d2786d932a44b9e44711639646b5e55146c8b
    name: tar
    evr: 2:1.34-9.el9_7
    sourcerpm: tar-1.34-9.el9_7.src.rpm
  - url: https://cdn.redhat.com/content/dist/rhel9/9/ppc64le/baseos/os/Packages/w/which-2.21-30.el9_6.ppc64le.rpm
    repoid: rhel-9-for-ppc64le-baseos-rpms
    size: 43161
    checksum: sha256:6dcf1ccae75a8a0f1cc2888be5761249d05749b90906a6f9e88ece4feef892d2
    name: which
    evr: 2.21-30.el9_6
    sourcerpm: which-2.21-30.el9_6.src.rpm
  source: []
  module_metadata: []
- arch: s390x
  packages:
  - url: https://cdn.redhat.com/content/dist/layered/rhel9/s390x/rhocp/4.17/os/Packages/o/openshift-clients-4.17.0-202511252115.p2.gd76df14.assembly.stream.el9.s390x.rpm
    repoid: rhocp-4.17-for-rhel-9-s390x-rpms
    size: 54444863
    checksum: sha256:eeafbf7cce3510cc4726e90309fcd89e98993cf22f36620dcd568e4ae316b0ea
    name: openshift-clients
    evr: 4.17.0-202511252115.p2.gd76df14.assembly.stream.el9
    sourcerpm: openshift-clients-4.17.0-202511252115.p2.gd76df14.assembly.stream.el9.src.rpm
  - url: https://cdn.redhat.com/content/dist/rhel9/9/s390x/baseos/os/Packages/b/bash-completion-2.11-5.el9.noarch.rpm
    repoid: rhel-9-for-s390x-baseos-rpms
    size: 469639
    checksum: sha256:3b4ae87f0e9a13cda47f1c009eb2c63135dc22b2b4dd89a6310f8e8fbb59e30a
    name: bash-completion
    evr: 1:2.11-5.el9
    sourcerpm: bash-completion-2.11-5.el9.src.rpm
  - url: https://cdn.redhat.com/content/dist/rhel9/9/s390x/baseos/os/Packages/f/findutils-4.8.0-7.el9.s390x.rpm
    repoid: rhel-9-for-s390x-baseos-rpms
    size: 562344
    checksum: sha256:58a784cd8f94da5182ab13c9696c7e5410b0452b20c524013040d234517e931e
    name: findutils
    evr: 1:4.8.0-7.el9
    sourcerpm: findutils-4.8.0-7.el9.src.rpm
  - url: https://cdn.redhat.com/content/dist/rhel9/9/s390x/baseos/os/Packages/g/gzip-1.12-1.el9.s390x.rpm
    repoid: rhel-9-for-s390x-baseos-rpms
    size: 173101
    checksum: sha256:50034ee6281864a218a5f3bc47de5afb434400fb8415907fd31d8351adbdc5a6
    name: gzip
    evr: 1.12-1.el9
    sourcerpm: gzip-1.12-1.el9.src.rpm
  - url: https://cdn.redhat.com/content/dist/rhel9/9/s390x/baseos/os/Packages/l/libpkgconf-1.7.3-10.el9.s390x.rpm
    repoid: rhel-9-for-s390x-baseos-rpms
    size: 37876
    checksum: sha256:fa1da3b44d85663cceaa0faf8eb5f2f7325cc83c381d6018f303edd06cab5938
    name: libpkgconf
    evr: 1.7.3-10.el9
    sourcerpm: pkgconf-1.7.3-10.el9.src.rpm
  - url: https://cdn.redhat.com/content/dist/rhel9/9/s390x/baseos/os/Packages/p/pkgconf-1.7.3-10.el9.s390x.rpm
    repoid: rhel-9-for-s390x-baseos-rpms
    size: 45258
    checksum: sha256:a5f966f792cacc4696e4187593a915fb56452dd272cf4c81d930968adb3ee00c
    name: pkgconf
    evr: 1.7.3-10.el9
    sourcerpm: pkgconf-1.7.3-10.el9.src.rpm
  - url: https://cdn.redhat.com/content/dist/rhel9/9/s390x/baseos/os/Packages/p/pkgconf-m4-1.7.3-10.el9.noarch.rpm
    repoid: rhel-9-for-s390x-baseos-rpms
    size: 16054
    checksum: sha256:91bafd6e06099451f60288327b275cfcc651822f6145176a157c6b0fa5131e02
    name: pkgconf-m4
    evr: 1.7.3-10.el9
    sourcerpm: pkgconf-1.7.3-10.el9.src.rpm
  - url: https://cdn.redhat.com/content/dist/rhel9/9/s390x/baseos/os/Packages/p/pkgconf-pkg-config-1.7.3-10.el9.s390x.rpm
    repoid: rhel-9-for-s390x-baseos-rpms
    size: 12411
    checksum: sha256:ef854bfe75102d994afb58510121164c4b9b8359b7d983cd8904c425a175b750
    name: pkgconf-pkg-config
    evr: 1.7.3-10.el9
    sourcerpm: pkgconf-1.7.3-10.el9.src.rpm
  - url: https://cdn.redhat.com/content/dist/rhel9/9/s390x/baseos/os/Packages/p/procps-ng-3.3.17-14.el9.s390x.rpm
    repoid: rhel-9-for-s390x-baseos-rpms
    size: 354331
    checksum: sha256:540d734809d1a9ef380a47c5ef3039b2ab736bea53ba8f34d2456d654dc92f1b
    name: procps-ng
    evr: 3.3.17-14.el9
    sourcerpm: procps-ng-3.3.17-14.el9.src.rpm
  - url: https://cdn.redhat.com/content/dist/rhel9/9/s390x/baseos/os/Packages/r/rsync-3.2.5-3.el9.s390x.rpm
    repoid: rhel-9-for-s390x-baseos-rpms
    size: 418877
    checksum: sha256:2d1a87e86fb23bc665b7c7ce8775c73d500ef6e152f15c78493b95638dfb7925
    name: rsync
    evr: 3.2.5-3.el9
    sourcerpm: rsync-3.2.5-3.el9.src.rpm
  - url: https://cdn.redhat.com/content/dist/rhel9/9/s390x/baseos/os/Packages/t/tar-1.34-9.el9_7.s390x.rpm
    repoid: rhel-9-for-s390x-baseos-rpms
    size: 900131
    checksum: sha256:ae335ed3e594cdb4123c6732c5dd9d4250050e96117e2593b31f8c4ee4ee2b8f
    name: tar
    evr: 2:1.34-9.el9_7
    sourcerpm: tar-1.34-9.el9_7.src.rpm
  - url: https://cdn.redhat.com/content/dist/rhel9/9/s390x/baseos/os/Packages/w/which-2.21-30.el9_6.s390x.rpm
    repoid: rhel-9-for-s390x-baseos-rpms
    size: 42656
    checksum: sha256:212df777a43c3ad4f7f8b6093c1d5f294ab9b353f0c9881fa74914ea0b663d2d
    name: which
    evr: 2.21-30.el9_6
    sourcerpm: which-2.21-30.el9_6.src.rpm
  source: []
  module_metadata: []
- arch: x86_64
  packages:
  - url: https://cdn.redhat.com/content/dist/layered/rhel9/x86_64/rhocp/4.17/os/Packages/o/openshift-clients-4.17.0-202511252115.p2.gd76df14.assembly.stream.el9.x86_64.rpm
    repoid: rhocp-4.17-for-rhel-9-x86_64-rpms
    size: 56582416
    checksum: sha256:3414b1b2f332d30114c44c39894e8d325e94900de8ab1ee03d33c603c3bb5a41
    name: openshift-clients
    evr: 4.17.0-202511252115.p2.gd76df14.assembly.stream.el9
    sourcerpm: openshift-clients-4.17.0-202511252115.p2.gd76df14.assembly.stream.el9.src.rpm
  - url: https://cdn.redhat.com/content/dist/rhel9/9/x86_64/baseos/os/Packages/b/bash-completion-2.11-5.el9.noarch.rpm
    repoid: rhel-9-for-x86_64-baseos-rpms
    size: 469639
    checksum: sha256:3b4ae87f0e9a13cda47f1c009eb2c63135dc22b2b4dd89a6310f8e8fbb59e30a
    name: bash-completion
    evr: 1:2.11-5.el9
    sourcerpm: bash-completion-2.11-5.el9.src.rpm
  - url: https://cdn.redhat.com/content/dist/rhel9/9/x86_64/baseos/os/Packages/f/findutils-4.8.0-7.el9.x86_64.rpm
    repoid: rhel-9-for-x86_64-baseos-rpms
    size: 563531
    checksum: sha256:a6328afea0a11647b7fb5c48436f0af6c795407bac0650676d3196dd47070de6
    name: findutils
    evr: 1:4.8.0-7.el9
    sourcerpm: findutils-4.8.0-7.el9.src.rpm
  - url: https://cdn.redhat.com/content/dist/rhel9/9/x86_64/baseos/os/Packages/g/gzip-1.12-1.el9.x86_64.rpm
    repoid: rhel-9-for-x86_64-baseos-rpms
    size: 171206
    checksum: sha256:c8b3e0414d55b1eedb0185a564ac6cb2368bee2fd5f995447d045f6a714488ac
    name: gzip
    evr: 1.12-1.el9
    sourcerpm: gzip-1.12-1.el9.src.rpm
  - url: https://cdn.redhat.com/content/dist/rhel9/9/x86_64/baseos/os/Packages/l/libpkgconf-1.7.3-10.el9.x86_64.rpm
    repoid: rhel-9-for-x86_64-baseos-rpms
    size: 38387
    checksum: sha256:4feae5941b73640bd86b8d506a657cac5b770043db1464fbcd207721b2159dda
    name: libpkgconf
    evr: 1.7.3-10.el9
    sourcerpm: pkgconf-1.7.3-10.el9.src.rpm
  - url: https://cdn.redhat.com/content/dist/rhel9/9/x86_64/baseos/os/Packages/p/pkgconf-1.7.3-10.el9.x86_64.rpm
    repoid: rhel-9-for-x86_64-baseos-rpms
    size: 45675
    checksum: sha256:bb47b4ecc499c308f41031a99e723827d152d5d750f59849d0c265d820944a26
    name: pkgconf
    evr: 1.7.3-10.el9
    sourcerpm: pkgconf-1.7.3-10.el9.src.rpm
  - url: https://cdn.redhat.com/content/dist/rhel9/9/x86_64/baseos/os/Packages/p/pkgconf-m4-1.7.3-10.el9.noarch.rpm
    repoid: rhel-9-for-x86_64-baseos-rpms
    size: 16054
    checksum: sha256:91bafd6e06099451f60288327b275cfcc651822f6145176a157c6b0fa5131e02
    name: pkgconf-m4
    evr: 1.7.3-10.el9
    sourcerpm: pkgconf-1.7.3-10.el9.src.rpm
  - url: https://cdn.redhat.com/content/dist/rhel9/9/x86_64/baseos/os/Packages/p/pkgconf-pkg-config-1.7.3-10.el9.x86_64.rpm
    repoid: rhel-9-for-x86_64-baseos-rpms
    size: 12438
    checksum: sha256:9a502d81d73d3303ceb53a06ad7ce525c97117ea64352174a33708bf3429283d
    name: pkgconf-pkg-config
    evr: 1.7.3-10.el9
    sourcerpm: pkgconf-1.7.3-10.el9.src.rpm
  - url: https://cdn.redhat.com/content/dist/rhel9/9/x86_64/baseos/os/Packages/p/procps-ng-3.3.17-14.el9.x86_64.rpm
    repoid: rhel-9-for-x86_64-baseos-rpms
    size: 361526
    checksum: sha256:506ad778f63821e8d9647ca8e0a3ff21b8af9c1666060d5200f9b26ee718333c
    name: procps-ng
    evr: 3.3.17-14.el9
    sourcerpm: procps-ng-3.3.17-14.el9.src.rpm
  - url: https://cdn.redhat.com/content/dist/rhel9/9/x86_64/baseos/os/Packages/r/rsync-3.2.5-3.el9.x86_64.rpm
    repoid: rhel-9-for-x86_64-baseos-rpms
    size: 421930
    checksum: sha256:b1d90c38b613f2d66dfe0c7c3d067a3ce429f7b2ec5224e560f326fc2fd8d1e5
    name: rsync
    evr: 3.2.5-3.el9
    sourcerpm: rsync-3.2.5-3.el9.src.rpm
  - url: https://cdn.redhat.com/content/dist/rhel9/9/x86_64/baseos/os/Packages/t/tar-1.34-9.el9_7.x86_64.rpm
    repoid: rhel-9-for-x86_64-baseos-rpms
    size: 906521
    checksum: sha256:4c0beb933074a5254c297e8968b3f41ec5a02b23056997ddcf526fe7e6166482
    name: tar
    evr: 2:1.34-9.el9_7
    sourcerpm: tar-1.34-9.el9_7.src.rpm
  - url: https://cdn.redhat.com/content/dist/rhel9/9/x86_64/baseos/os/Packages/w/which-2.21-30.el9_6.x86_64.rpm
    repoid: rhel-9-for-x86_64-baseos-rpms
    size: 42038
    checksum: sha256:9c09bae3141499ad4d197a563d2a2170768d67b32bdc571221baa059eb97553b
    name: which
    evr: 2.21-30.el9_6
    sourcerpm: which-2.21-30.el9_6.src.rpm
  source: []
  module_metadata: []
