---
lockfileVersion: 1
lockfileVendor: redhat
arches:
- arch: x86_64
  packages:
  - url: https://cdn.redhat.com/content/dist/layered/rhel9/x86_64/rhocp/4.17/os/Packages/o/openshift-clients-4.17.0-202511252115.p2.gd76df14.assembly.stream.el9.x86_64.rpm
    repoid: rhocp-4.17-for-rhel-9-x86_64-rpms
    size: 56582416
    checksum: sha256:3414b1b2f332d30114c44c39894e8d325e94900de8ab1ee03d33c603c3bb5a41
    name: openshift-clients
    evr: 4.17.0-202511252115.p2.gd76df14.assembly.stream.el9
    sourcerpm: openshift-clients-4.17.0-202511252115.p2.gd76df14.assembly.stream.el9.src.rpm
  - url: https://cdn.redhat.com/content/dist/rhel9/9/x86_64/baseos/os/Packages/b/bash-completion-2.11-5.el9.noarch.rpm
    repoid: rhel-9-for-x86_64-baseos-rpms
    size: 469639
    checksum: sha256:3b4ae87f0e9a13cda47f1c009eb2c63135dc22b2b4dd89a6310f8e8fbb59e30a
    name: bash-completion
    evr: 1:2.11-5.el9
    sourcerpm: bash-completion-2.11-5.el9.src.rpm
  - url: https://cdn.redhat.com/content/dist/rhel9/9/x86_64/baseos/os/Packages/f/findutils-4.8.0-7.el9.x86_64.rpm
    repoid: rhel-9-for-x86_64-baseos-rpms
    size: 563531
    checksum: sha256:a6328afea0a11647b7fb5c48436f0af6c795407bac0650676d3196dd47070de6
    name: findutils
    evr: 1:4.8.0-7.el9
    sourcerpm: findutils-4.8.0-7.el9.src.rpm
  - url: https://cdn.redhat.com/content/dist/rhel9/9/x86_64/baseos/os/Packages/g/gzip-1.12-1.el9.x86_64.rpm
    repoid: rhel-9-for-x86_64-baseos-rpms
    size: 171206
    checksum: sha256:c8b3e0414d55b1eedb0185a564ac6cb2368bee2fd5f995447d045f6a714488ac
    name: gzip
    evr: 1.12-1.el9
    sourcerpm: gzip-1.12-1.el9.src.rpm
  - url: https://cdn.redhat.com/content/dist/rhel9/9/x86_64/baseos/os/Packages/l/libpkgconf-1.7.3-10.el9.x86_64.rpm
    repoid: rhel-9-for-x86_64-baseos-rpms
    size: 38387
    checksum: sha256:4feae5941b73640bd86b8d506a657cac5b770043db1464fbcd207721b2159dda
    name: libpkgconf
    evr: 1.7.3-10.el9
    sourcerpm: pkgconf-1.7.3-10.el9.src.rpm
  - url: https://cdn.redhat.com/content/dist/rhel9/9/x86_64/baseos/os/Packages/p/pkgconf-1.7.3-10.el9.x86_64.rpm
    repoid: rhel-9-for-x86_64-baseos-rpms
    size: 45675
    checksum: sha256:bb47b4ecc499c308f41031a99e723827d152d5d750f59849d0c265d820944a26
    name: pkgconf
    evr: 1.7.3-10.el9
    sourcerpm: pkgconf-1.7.3-10.el9.src.rpm
  - url: https://cdn.redhat.com/content/dist/rhel9/9/x86_64/baseos/os/Packages/p/pkgconf-m4-1.7.3-10.el9.noarch.rpm
    repoid: rhel-9-for-x86_64-baseos-rpms
    size: 16054
    checksum: sha256:91bafd6e06099451f60288327b275cfcc651822f6145176a157c6b0fa5131e02
    name: pkgconf-m4
    evr: 1.7.3-10.el9
    sourcerpm: pkgconf-1.7.3-10.el9.src.rpm
  - url: https://cdn.redhat.com/content/dist/rhel9/9/x86_64/baseos/os/Packages/p/pkgconf-pkg-config-1.7.3-10.el9.x86_64.rpm
    repoid: rhel-9-for-x86_64-baseos-rpms
    size: 12438
    checksum: sha256:9a502d81d73d3303ceb53a06ad7ce525c97117ea64352174a33708bf3429283d
    name: pkgconf-pkg-config
    evr: 1.7.3-10.el9
    sourcerpm: pkgconf-1.7.3-10.el9.src.rpm
  - url: https://cdn.redhat.com/content/dist/rhel9/9/x86_64/baseos/os/Packages/p/procps-ng-3.3.17-14.el9.x86_64.rpm
    repoid: rhel-9-for-x86_64-baseos-rpms
    size: 361526
    checksum: sha256:506ad778f63821e8d9647ca8e0a3ff21b8af9c1666060d5200f9b26ee718333c
    name: procps-ng
    evr: 3.3.17-14.el9
    sourcerpm: procps-ng-3.3.17-14.el9.src.rpm
  - url: https://cdn.redhat.com/content/dist/rhel9/9/x86_64/baseos/os/Packages/r/rsync-3.2.5-3.el9.x86_64.rpm
    repoid: rhel-9-for-x86_64-baseos-rpms
    size: 421930
    checksum: sha256:b1d90c38b613f2d66dfe0c7c3d067a3ce429f7b2ec5224e560f326fc2fd8d1e5
    name: rsync
    evr: 3.2.5-3.el9
    sourcerpm: rsync-3.2.5-3.el9.src.rpm
  - url: https://cdn.redhat.com/content/dist/rhel9/9/x86_64/baseos/os/Packages/t/tar-1.34-7.el9.x86_64.rpm
    repoid: rhel-9-for-x86_64-baseos-rpms
    size: 910235
    checksum: sha256:17f2e592a2c04c050b690afeb9042e02521a0b5ee3288dad837463f4acf542c3
    name: tar
    evr: 2:1.34-7.el9
    sourcerpm: tar-1.34-7.el9.src.rpm
  - url: https://cdn.redhat.com/content/dist/rhel9/9/x86_64/baseos/os/Packages/w/which-2.21-30.el9_6.x86_64.rpm
    repoid: rhel-9-for-x86_64-baseos-rpms
    size: 42038
    checksum: sha256:9c09bae3141499ad4d197a563d2a2170768d67b32bdc571221baa059eb97553b
    name: which
    evr: 2.21-30.el9_6
    sourcerpm: which-2.21-30.el9_6.src.rpm
  source: []
  module_metadata: []
